# This file is automatically @generated by Cargo.
# It is not intended for manual editing.
[[package]]
name = "bytes"
version = "0.6.0"
source = "registry+https://github.com/rust-lang/crates.io-index"
checksum = "e0dcbc35f504eb6fc275a6d20e4ebcda18cf50d40ba6fabff8c711fa16cb3b16"

[[package]]
name = "memchr"
version = "2.3.4"
source = "registry+https://github.com/rust-lang/crates.io-index"
checksum = "0ee1c47aaa256ecabcaea351eae4a9b01ef39ed810004e298d2511ed284b1525"

[[package]]
name = "mupenmanip"
version = "0.1.0"
dependencies = [
 "bytes",
 "memchr",
 "tinyvec",
]

[[package]]
name = "tinyvec"
version = "1.1.0-alpha.1"
source = "registry+https://github.com/rust-lang/crates.io-index"
checksum = "5dc3c24ea222f523a7263f1f32c68181a48f7cf0faa8395769686110c3ead3fa"
